
Microsoft Visual Studio Solution File, Format Version 12.00
# Visual Studio Version 17
VisualStudioVersion = 17.11.35327.3
MinimumVisualStudioVersion = 10.0.40219.1
Project("{FAE04EC0-301F-11D3-BF4B-00C04F79EFBC}") = "WcfService1", "WcfService1\WcfService1.csproj", "{F6EF83EC-4981-40E5-835E-F8D33D2A4A68}"
EndProject
Global
	GlobalSection(SolutionConfigurationPlatforms) = preSolution
		Debug|Any CPU = Debug|Any CPU
		Release|Any CPU = Release|Any CPU
	EndGlobalSection
	GlobalSection(ProjectConfigurationPlatforms) = postSolution
		{F6EF83EC-4981-40E5-835E-F8D33D2A4A68}.Debug|Any CPU.ActiveCfg = Debug|Any CPU
		{F6EF83EC-4981-40E5-835E-F8D33D2A4A68}.Debug|Any CPU.Build.0 = Debug|Any CPU
		{F6EF83EC-4981-40E5-835E-F8D33D2A4A68}.Release|Any CPU.ActiveCfg = Release|Any CPU
		{F6EF83EC-4981-40E5-835E-F8D33D2A4A68}.Release|Any CPU.Build.0 = Release|Any CPU
	EndGlobalSection
	GlobalSection(SolutionProperties) = preSolution
		HideSolutionNode = FALSE
	EndGlobalSection
	GlobalSection(ExtensibilityGlobals) = postSolution
		SolutionGuid = {5A0F6EDF-067E-47E8-8477-AAAA9E0C6553}
	EndGlobalSection
EndGlobal
